// !$*UTF8*$!
{
	archiveVersion = 1;
	classes = {
	};
	objectVersion = 46;
	objects = {

/* Begin PBXBuildFile section */
		C59BF1591AB83EE400E45975 /* AppDelegate.swift in Sources */ = {isa = PBXBuildFile; fileRef = C59BF1581AB83EE400E45975 /* AppDelegate.swift */; };
		C59BF15E1AB83EE400E45975 /* Main.storyboard in Resources */ = {isa = PBXBuildFile; fileRef = C59BF15C1AB83EE400E45975 /* Main.storyboard */; };
		C59BF1601AB83EE400E45975 /* Images.xcassets in Resources */ = {isa = PBXBuildFile; fileRef = C59BF15F1AB83EE400E45975 /* Images.xcassets */; };
		C59BF1631AB83EE400E45975 /* LaunchScreen.xib in Resources */ = {isa = PBXBuildFile; fileRef = C59BF1611AB83EE400E45975 /* LaunchScreen.xib */; };
		C59BF16F1AB83EE400E45975 /* KidzVidsTests.swift in Sources */ = {isa = PBXBuildFile; fileRef = C59BF16E1AB83EE400E45975 /* KidzVidsTests.swift */; };
		C59BF1831AB8464B00E45975 /* GridViewController.swift in Sources */ = {isa = PBXBuildFile; fileRef = C59BF1821AB8464B00E45975 /* GridViewController.swift */; };
		C59BF1D11AB84D2500E45975 /* AFHTTPRequestOperation.m in Sources */ = {isa = PBXBuildFile; fileRef = C59BF1BF1AB84D2500E45975 /* AFHTTPRequestOperation.m */; };
		C59BF1D21AB84D2500E45975 /* AFHTTPRequestOperationManager.m in Sources */ = {isa = PBXBuildFile; fileRef = C59BF1C11AB84D2500E45975 /* AFHTTPRequestOperationManager.m */; };
		C59BF1D31AB84D2500E45975 /* AFHTTPSessionManager.m in Sources */ = {isa = PBXBuildFile; fileRef = C59BF1C31AB84D2500E45975 /* AFHTTPSessionManager.m */; };
		C59BF1D41AB84D2500E45975 /* AFNetworkReachabilityManager.m in Sources */ = {isa = PBXBuildFile; fileRef = C59BF1C61AB84D2500E45975 /* AFNetworkReachabilityManager.m */; };
		C59BF1D51AB84D2500E45975 /* AFSecurityPolicy.m in Sources */ = {isa = PBXBuildFile; fileRef = C59BF1C81AB84D2500E45975 /* AFSecurityPolicy.m */; };
		C59BF1D61AB84D2500E45975 /* AFURLConnectionOperation.m in Sources */ = {isa = PBXBuildFile; fileRef = C59BF1CA1AB84D2500E45975 /* AFURLConnectionOperation.m */; };
		C59BF1D71AB84D2500E45975 /* AFURLRequestSerialization.m in Sources */ = {isa = PBXBuildFile; fileRef = C59BF1CC1AB84D2500E45975 /* AFURLRequestSerialization.m */; };
		C59BF1D81AB84D2500E45975 /* AFURLResponseSerialization.m in Sources */ = {isa = PBXBuildFile; fileRef = C59BF1CE1AB84D2500E45975 /* AFURLResponseSerialization.m */; };
		C59BF1D91AB84D2500E45975 /* AFURLSessionManager.m in Sources */ = {isa = PBXBuildFile; fileRef = C59BF1D01AB84D2500E45975 /* AFURLSessionManager.m */; };
		C59BF1EC1AB84D3500E45975 /* AFNetworkActivityIndicatorManager.m in Sources */ = {isa = PBXBuildFile; fileRef = C59BF1DC1AB84D3500E45975 /* AFNetworkActivityIndicatorManager.m */; };
		C59BF1ED1AB84D3500E45975 /* UIActivityIndicatorView+AFNetworking.m in Sources */ = {isa = PBXBuildFile; fileRef = C59BF1DE1AB84D3500E45975 /* UIActivityIndicatorView+AFNetworking.m */; };
		C59BF1EE1AB84D3500E45975 /* UIAlertView+AFNetworking.m in Sources */ = {isa = PBXBuildFile; fileRef = C59BF1E01AB84D3500E45975 /* UIAlertView+AFNetworking.m */; };
		C59BF1EF1AB84D3500E45975 /* UIButton+AFNetworking.m in Sources */ = {isa = PBXBuildFile; fileRef = C59BF1E21AB84D3500E45975 /* UIButton+AFNetworking.m */; };
		C59BF1F01AB84D3500E45975 /* UIImageView+AFNetworking.m in Sources */ = {isa = PBXBuildFile; fileRef = C59BF1E41AB84D3500E45975 /* UIImageView+AFNetworking.m */; };
		C59BF1F11AB84D3500E45975 /* UIProgressView+AFNetworking.m in Sources */ = {isa = PBXBuildFile; fileRef = C59BF1E71AB84D3500E45975 /* UIProgressView+AFNetworking.m */; };
		C59BF1F21AB84D3500E45975 /* UIRefreshControl+AFNetworking.m in Sources */ = {isa = PBXBuildFile; fileRef = C59BF1E91AB84D3500E45975 /* UIRefreshControl+AFNetworking.m */; };
		C59BF1F31AB84D3500E45975 /* UIWebView+AFNetworking.m in Sources */ = {isa = PBXBuildFile; fileRef = C59BF1EB1AB84D3500E45975 /* UIWebView+AFNetworking.m */; };
		C59BF1F51AB86AA900E45975 /* VideoPhotoCell.swift in Sources */ = {isa = PBXBuildFile; fileRef = C59BF1F41AB86AA900E45975 /* VideoPhotoCell.swift */; };
		C59BF2051AB86F0C00E45975 /* PlayerViewController.swift in Sources */ = {isa = PBXBuildFile; fileRef = C59BF2041AB86F0C00E45975 /* PlayerViewController.swift */; };
		C59BF20E1AB871EF00E45975 /* YouTubePlayer.framework in Frameworks */ = {isa = PBXBuildFile; fileRef = C59BF20B1AB8718400E45975 /* YouTubePlayer.framework */; };
		C59BF20F1AB871EF00E45975 /* YouTubePlayer.framework in Embed Frameworks */ = {isa = PBXBuildFile; fileRef = C59BF20B1AB8718400E45975 /* YouTubePlayer.framework */; settings = {ATTRIBUTES = (CodeSignOnCopy, RemoveHeadersOnCopy, ); }; };
		C5ED65CF1AB9D53F0078EF67 /* SettingsViewController.swift in Sources */ = {isa = PBXBuildFile; fileRef = C5ED65CD1AB9D53F0078EF67 /* SettingsViewController.swift */; };
		C5ED65D01AB9D53F0078EF67 /* SettingsViewController.xib in Resources */ = {isa = PBXBuildFile; fileRef = C5ED65CE1AB9D53F0078EF67 /* SettingsViewController.xib */; };
		C5ED65D21AB9F0CB0078EF67 /* Playlist.swift in Sources */ = {isa = PBXBuildFile; fileRef = C5ED65D11AB9F0CB0078EF67 /* Playlist.swift */; };
		C5ED65D41AB9FA290078EF67 /* PlaylistCollection.swift in Sources */ = {isa = PBXBuildFile; fileRef = C5ED65D31AB9FA290078EF67 /* PlaylistCollection.swift */; };
/* End PBXBuildFile section */

/* Begin PBXContainerItemProxy section */
		C59BF1691AB83EE400E45975 /* PBXContainerItemProxy */ = {
			isa = PBXContainerItemProxy;
			containerPortal = C59BF14B1AB83EE400E45975 /* Project object */;
			proxyType = 1;
			remoteGlobalIDString = C59BF1521AB83EE400E45975;
			remoteInfo = KidzVids;
		};
		C59BF20A1AB8718400E45975 /* PBXContainerItemProxy */ = {
			isa = PBXContainerItemProxy;
			containerPortal = C59BF2061AB8718400E45975 /* YouTubePlayer.xcodeproj */;
			proxyType = 2;
			remoteGlobalIDString = 502AE85F1A475FD500306AD1;
			remoteInfo = YouTubePlayer;
		};
		C59BF20C1AB871A300E45975 /* PBXContainerItemProxy */ = {
			isa = PBXContainerItemProxy;
			containerPortal = C59BF2061AB8718400E45975 /* YouTubePlayer.xcodeproj */;
			proxyType = 1;
			remoteGlobalIDString = 502AE85E1A475FD500306AD1;
			remoteInfo = YouTubePlayer;
		};
		C59BF2101AB871EF00E45975 /* PBXContainerItemProxy */ = {
			isa = PBXContainerItemProxy;
			containerPortal = C59BF2061AB8718400E45975 /* YouTubePlayer.xcodeproj */;
			proxyType = 1;
			remoteGlobalIDString = 502AE85E1A475FD500306AD1;
			remoteInfo = YouTubePlayer;
		};
/* End PBXContainerItemProxy section */

/* Begin PBXCopyFilesBuildPhase section */
		C59BF2121AB871EF00E45975 /* Embed Frameworks */ = {
			isa = PBXCopyFilesBuildPhase;
			buildActionMask = 2147483647;
			dstPath = "";
			dstSubfolderSpec = 10;
			files = (
				C59BF20F1AB871EF00E45975 /* YouTubePlayer.framework in Embed Frameworks */,
			);
			name = "Embed Frameworks";
			runOnlyForDeploymentPostprocessing = 0;
		};
/* End PBXCopyFilesBuildPhase section */

/* Begin PBXFileReference section */
		C59BF1531AB83EE400E45975 /* KidzVids.app */ = {isa = PBXFileReference; explicitFileType = wrapper.application; includeInIndex = 0; path = KidzVids.app; sourceTree = BUILT_PRODUCTS_DIR; };
		C59BF1571AB83EE400E45975 /* Info.plist */ = {isa = PBXFileReference; lastKnownFileType = text.plist.xml; path = Info.plist; sourceTree = "<group>"; };
		C59BF1581AB83EE400E45975 /* AppDelegate.swift */ = {isa = PBXFileReference; lastKnownFileType = sourcecode.swift; path = AppDelegate.swift; sourceTree = "<group>"; };
		C59BF15D1AB83EE400E45975 /* Base */ = {isa = PBXFileReference; lastKnownFileType = file.storyboard; name = Base; path = Base.lproj/Main.storyboard; sourceTree = "<group>"; };
		C59BF15F1AB83EE400E45975 /* Images.xcassets */ = {isa = PBXFileReference; lastKnownFileType = folder.assetcatalog; path = Images.xcassets; sourceTree = "<group>"; };
		C59BF1621AB83EE400E45975 /* Base */ = {isa = PBXFileReference; lastKnownFileType = file.xib; name = Base; path = Base.lproj/LaunchScreen.xib; sourceTree = "<group>"; };
		C59BF1681AB83EE400E45975 /* KidzVidsTests.xctest */ = {isa = PBXFileReference; explicitFileType = wrapper.cfbundle; includeInIndex = 0; path = KidzVidsTests.xctest; sourceTree = BUILT_PRODUCTS_DIR; };
		C59BF16D1AB83EE400E45975 /* Info.plist */ = {isa = PBXFileReference; lastKnownFileType = text.plist.xml; path = Info.plist; sourceTree = "<group>"; };
		C59BF16E1AB83EE400E45975 /* KidzVidsTests.swift */ = {isa = PBXFileReference; lastKnownFileType = sourcecode.swift; path = KidzVidsTests.swift; sourceTree = "<group>"; };
		C59BF1821AB8464B00E45975 /* GridViewController.swift */ = {isa = PBXFileReference; fileEncoding = 4; lastKnownFileType = sourcecode.swift; path = GridViewController.swift; sourceTree = "<group>"; };
		C59BF1BC1AB84CD900E45975 /* bridge.h */ = {isa = PBXFileReference; lastKnownFileType = sourcecode.c.h; path = bridge.h; sourceTree = "<group>"; };
		C59BF1BE1AB84D2500E45975 /* AFHTTPRequestOperation.h */ = {isa = PBXFileReference; fileEncoding = 4; lastKnownFileType = sourcecode.c.h; path = AFHTTPRequestOperation.h; sourceTree = "<group>"; };
		C59BF1BF1AB84D2500E45975 /* AFHTTPRequestOperation.m */ = {isa = PBXFileReference; fileEncoding = 4; lastKnownFileType = sourcecode.c.objc; path = AFHTTPRequestOperation.m; sourceTree = "<group>"; };
		C59BF1C01AB84D2500E45975 /* AFHTTPRequestOperationManager.h */ = {isa = PBXFileReference; fileEncoding = 4; lastKnownFileType = sourcecode.c.h; path = AFHTTPRequestOperationManager.h; sourceTree = "<group>"; };
		C59BF1C11AB84D2500E45975 /* AFHTTPRequestOperationManager.m */ = {isa = PBXFileReference; fileEncoding = 4; lastKnownFileType = sourcecode.c.objc; path = AFHTTPRequestOperationManager.m; sourceTree = "<group>"; };
		C59BF1C21AB84D2500E45975 /* AFHTTPSessionManager.h */ = {isa = PBXFileReference; fileEncoding = 4; lastKnownFileType = sourcecode.c.h; path = AFHTTPSessionManager.h; sourceTree = "<group>"; };
		C59BF1C31AB84D2500E45975 /* AFHTTPSessionManager.m */ = {isa = PBXFileReference; fileEncoding = 4; lastKnownFileType = sourcecode.c.objc; path = AFHTTPSessionManager.m; sourceTree = "<group>"; };
		C59BF1C41AB84D2500E45975 /* AFNetworking.h */ = {isa = PBXFileReference; fileEncoding = 4; lastKnownFileType = sourcecode.c.h; path = AFNetworking.h; sourceTree = "<group>"; };
		C59BF1C51AB84D2500E45975 /* AFNetworkReachabilityManager.h */ = {isa = PBXFileReference; fileEncoding = 4; lastKnownFileType = sourcecode.c.h; path = AFNetworkReachabilityManager.h; sourceTree = "<group>"; };
		C59BF1C61AB84D2500E45975 /* AFNetworkReachabilityManager.m */ = {isa = PBXFileReference; fileEncoding = 4; lastKnownFileType = sourcecode.c.objc; path = AFNetworkReachabilityManager.m; sourceTree = "<group>"; };
		C59BF1C71AB84D2500E45975 /* AFSecurityPolicy.h */ = {isa = PBXFileReference; fileEncoding = 4; lastKnownFileType = sourcecode.c.h; path = AFSecurityPolicy.h; sourceTree = "<group>"; };
		C59BF1C81AB84D2500E45975 /* AFSecurityPolicy.m */ = {isa = PBXFileReference; fileEncoding = 4; lastKnownFileType = sourcecode.c.objc; path = AFSecurityPolicy.m; sourceTree = "<group>"; };
		C59BF1C91AB84D2500E45975 /* AFURLConnectionOperation.h */ = {isa = PBXFileReference; fileEncoding = 4; lastKnownFileType = sourcecode.c.h; path = AFURLConnectionOperation.h; sourceTree = "<group>"; };
		C59BF1CA1AB84D2500E45975 /* AFURLConnectionOperation.m */ = {isa = PBXFileReference; fileEncoding = 4; lastKnownFileType = sourcecode.c.objc; path = AFURLConnectionOperation.m; sourceTree = "<group>"; };
		C59BF1CB1AB84D2500E45975 /* AFURLRequestSerialization.h */ = {isa = PBXFileReference; fileEncoding = 4; lastKnownFileType = sourcecode.c.h; path = AFURLRequestSerialization.h; sourceTree = "<group>"; };
		C59BF1CC1AB84D2500E45975 /* AFURLRequestSerialization.m */ = {isa = PBXFileReference; fileEncoding = 4; lastKnownFileType = sourcecode.c.objc; path = AFURLRequestSerialization.m; sourceTree = "<group>"; };
		C59BF1CD1AB84D2500E45975 /* AFURLResponseSerialization.h */ = {isa = PBXFileReference; fileEncoding = 4; lastKnownFileType = sourcecode.c.h; path = AFURLResponseSerialization.h; sourceTree = "<group>"; };
		C59BF1CE1AB84D2500E45975 /* AFURLResponseSerialization.m */ = {isa = PBXFileReference; fileEncoding = 4; lastKnownFileType = sourcecode.c.objc; path = AFURLResponseSerialization.m; sourceTree = "<group>"; };
		C59BF1CF1AB84D2500E45975 /* AFURLSessionManager.h */ = {isa = PBXFileReference; fileEncoding = 4; lastKnownFileType = sourcecode.c.h; path = AFURLSessionManager.h; sourceTree = "<group>"; };
		C59BF1D01AB84D2500E45975 /* AFURLSessionManager.m */ = {isa = PBXFileReference; fileEncoding = 4; lastKnownFileType = sourcecode.c.objc; path = AFURLSessionManager.m; sourceTree = "<group>"; };
		C59BF1DB1AB84D3500E45975 /* AFNetworkActivityIndicatorManager.h */ = {isa = PBXFileReference; fileEncoding = 4; lastKnownFileType = sourcecode.c.h; path = AFNetworkActivityIndicatorManager.h; sourceTree = "<group>"; };
		C59BF1DC1AB84D3500E45975 /* AFNetworkActivityIndicatorManager.m */ = {isa = PBXFileReference; fileEncoding = 4; lastKnownFileType = sourcecode.c.objc; path = AFNetworkActivityIndicatorManager.m; sourceTree = "<group>"; };
		C59BF1DD1AB84D3500E45975 /* UIActivityIndicatorView+AFNetworking.h */ = {isa = PBXFileReference; fileEncoding = 4; lastKnownFileType = sourcecode.c.h; path = "UIActivityIndicatorView+AFNetworking.h"; sourceTree = "<group>"; };
		C59BF1DE1AB84D3500E45975 /* UIActivityIndicatorView+AFNetworking.m */ = {isa = PBXFileReference; fileEncoding = 4; lastKnownFileType = sourcecode.c.objc; path = "UIActivityIndicatorView+AFNetworking.m"; sourceTree = "<group>"; };
		C59BF1DF1AB84D3500E45975 /* UIAlertView+AFNetworking.h */ = {isa = PBXFileReference; fileEncoding = 4; lastKnownFileType = sourcecode.c.h; path = "UIAlertView+AFNetworking.h"; sourceTree = "<group>"; };
		C59BF1E01AB84D3500E45975 /* UIAlertView+AFNetworking.m */ = {isa = PBXFileReference; fileEncoding = 4; lastKnownFileType = sourcecode.c.objc; path = "UIAlertView+AFNetworking.m"; sourceTree = "<group>"; };
		C59BF1E11AB84D3500E45975 /* UIButton+AFNetworking.h */ = {isa = PBXFileReference; fileEncoding = 4; lastKnownFileType = sourcecode.c.h; path = "UIButton+AFNetworking.h"; sourceTree = "<group>"; };
		C59BF1E21AB84D3500E45975 /* UIButton+AFNetworking.m */ = {isa = PBXFileReference; fileEncoding = 4; lastKnownFileType = sourcecode.c.objc; path = "UIButton+AFNetworking.m"; sourceTree = "<group>"; };
		C59BF1E31AB84D3500E45975 /* UIImageView+AFNetworking.h */ = {isa = PBXFileReference; fileEncoding = 4; lastKnownFileType = sourcecode.c.h; path = "UIImageView+AFNetworking.h"; sourceTree = "<group>"; };
		C59BF1E41AB84D3500E45975 /* UIImageView+AFNetworking.m */ = {isa = PBXFileReference; fileEncoding = 4; lastKnownFileType = sourcecode.c.objc; path = "UIImageView+AFNetworking.m"; sourceTree = "<group>"; };
		C59BF1E51AB84D3500E45975 /* UIKit+AFNetworking.h */ = {isa = PBXFileReference; fileEncoding = 4; lastKnownFileType = sourcecode.c.h; path = "UIKit+AFNetworking.h"; sourceTree = "<group>"; };
		C59BF1E61AB84D3500E45975 /* UIProgressView+AFNetworking.h */ = {isa = PBXFileReference; fileEncoding = 4; lastKnownFileType = sourcecode.c.h; path = "UIProgressView+AFNetworking.h"; sourceTree = "<group>"; };
		C59BF1E71AB84D3500E45975 /* UIProgressView+AFNetworking.m */ = {isa = PBXFileReference; fileEncoding = 4; lastKnownFileType = sourcecode.c.objc; path = "UIProgressView+AFNetworking.m"; sourceTree = "<group>"; };
		C59BF1E81AB84D3500E45975 /* UIRefreshControl+AFNetworking.h */ = {isa = PBXFileReference; fileEncoding = 4; lastKnownFileType = sourcecode.c.h; path = "UIRefreshControl+AFNetworking.h"; sourceTree = "<group>"; };
		C59BF1E91AB84D3500E45975 /* UIRefreshControl+AFNetworking.m */ = {isa = PBXFileReference; fileEncoding = 4; lastKnownFileType = sourcecode.c.objc; path = "UIRefreshControl+AFNetworking.m"; sourceTree = "<group>"; };
		C59BF1EA1AB84D3500E45975 /* UIWebView+AFNetworking.h */ = {isa = PBXFileReference; fileEncoding = 4; lastKnownFileType = sourcecode.c.h; path = "UIWebView+AFNetworking.h"; sourceTree = "<group>"; };
		C59BF1EB1AB84D3500E45975 /* UIWebView+AFNetworking.m */ = {isa = PBXFileReference; fileEncoding = 4; lastKnownFileType = sourcecode.c.objc; path = "UIWebView+AFNetworking.m"; sourceTree = "<group>"; };
		C59BF1F41AB86AA900E45975 /* VideoPhotoCell.swift */ = {isa = PBXFileReference; fileEncoding = 4; lastKnownFileType = sourcecode.swift; path = VideoPhotoCell.swift; sourceTree = "<group>"; };
		C59BF1F81AB86E3100E45975 /* YouTubePlayer.xcworkspace */ = {isa = PBXFileReference; lastKnownFileType = wrapper.workspace; name = YouTubePlayer.xcworkspace; path = "../Libraries/Swift-YouTube-Player-master/YouTubePlayer.xcworkspace"; sourceTree = "<group>"; };
		C59BF2041AB86F0C00E45975 /* PlayerViewController.swift */ = {isa = PBXFileReference; fileEncoding = 4; lastKnownFileType = sourcecode.swift; path = PlayerViewController.swift; sourceTree = "<group>"; };
		C59BF2061AB8718400E45975 /* YouTubePlayer.xcodeproj */ = {isa = PBXFileReference; lastKnownFileType = "wrapper.pb-project"; name = YouTubePlayer.xcodeproj; path = Libs/YouTubePlayer/YouTubePlayer.xcodeproj; sourceTree = "<group>"; };
		C5ED65CD1AB9D53F0078EF67 /* SettingsViewController.swift */ = {isa = PBXFileReference; fileEncoding = 4; lastKnownFileType = sourcecode.swift; path = SettingsViewController.swift; sourceTree = "<group>"; };
		C5ED65CE1AB9D53F0078EF67 /* SettingsViewController.xib */ = {isa = PBXFileReference; fileEncoding = 4; lastKnownFileType = file.xib; path = SettingsViewController.xib; sourceTree = "<group>"; };
		C5ED65D11AB9F0CB0078EF67 /* Playlist.swift */ = {isa = PBXFileReference; fileEncoding = 4; lastKnownFileType = sourcecode.swift; path = Playlist.swift; sourceTree = "<group>"; };
		C5ED65D31AB9FA290078EF67 /* PlaylistCollection.swift */ = {isa = PBXFileReference; fileEncoding = 4; lastKnownFileType = sourcecode.swift; path = PlaylistCollection.swift; sourceTree = "<group>"; };
/* End PBXFileReference section */

/* Begin PBXFrameworksBuildPhase section */
		C59BF1501AB83EE400E45975 /* Frameworks */ = {
			isa = PBXFrameworksBuildPhase;
			buildActionMask = 2147483647;
			files = (
				C59BF20E1AB871EF00E45975 /* YouTubePlayer.framework in Frameworks */,
			);
			runOnlyForDeploymentPostprocessing = 0;
		};
		C59BF1651AB83EE400E45975 /* Frameworks */ = {
			isa = PBXFrameworksBuildPhase;
			buildActionMask = 2147483647;
			files = (
			);
			runOnlyForDeploymentPostprocessing = 0;
		};
/* End PBXFrameworksBuildPhase section */

/* Begin PBXGroup section */
		C59BF14A1AB83EE400E45975 = {
			isa = PBXGroup;
			children = (
				C59BF2061AB8718400E45975 /* YouTubePlayer.xcodeproj */,
				C59BF1F81AB86E3100E45975 /* YouTubePlayer.xcworkspace */,
				C59BF1551AB83EE400E45975 /* KidzVids */,
				C59BF16B1AB83EE400E45975 /* KidzVidsTests */,
				C59BF1541AB83EE400E45975 /* Products */,
			);
			sourceTree = "<group>";
		};
		C59BF1541AB83EE400E45975 /* Products */ = {
			isa = PBXGroup;
			children = (
				C59BF1531AB83EE400E45975 /* KidzVids.app */,
				C59BF1681AB83EE400E45975 /* KidzVidsTests.xctest */,
			);
			name = Products;
			sourceTree = "<group>";
		};
		C59BF1551AB83EE400E45975 /* KidzVids */ = {
			isa = PBXGroup;
			children = (
				C59BF1DA1AB84D3500E45975 /* UIKit+AFNetworking */,
				C59BF1BD1AB84D2500E45975 /* AFNetworking */,
				C59BF1BC1AB84CD900E45975 /* bridge.h */,
				C59BF1581AB83EE400E45975 /* AppDelegate.swift */,
				C59BF15C1AB83EE400E45975 /* Main.storyboard */,
				C59BF1F41AB86AA900E45975 /* VideoPhotoCell.swift */,
				C59BF2041AB86F0C00E45975 /* PlayerViewController.swift */,
				C59BF1821AB8464B00E45975 /* GridViewController.swift */,
				C5ED65D11AB9F0CB0078EF67 /* Playlist.swift */,
				C5ED65D31AB9FA290078EF67 /* PlaylistCollection.swift */,
				C5ED65CD1AB9D53F0078EF67 /* SettingsViewController.swift */,
				C5ED65CE1AB9D53F0078EF67 /* SettingsViewController.xib */,
				C59BF15F1AB83EE400E45975 /* Images.xcassets */,
				C59BF1611AB83EE400E45975 /* LaunchScreen.xib */,
				C59BF1561AB83EE400E45975 /* Supporting Files */,
			);
			path = KidzVids;
			sourceTree = "<group>";
		};
		C59BF1561AB83EE400E45975 /* Supporting Files */ = {
			isa = PBXGroup;
			children = (
				C59BF1571AB83EE400E45975 /* Info.plist */,
			);
			name = "Supporting Files";
			sourceTree = "<group>";
		};
		C59BF16B1AB83EE400E45975 /* KidzVidsTests */ = {
			isa = PBXGroup;
			children = (
				C59BF16E1AB83EE400E45975 /* KidzVidsTests.swift */,
				C59BF16C1AB83EE400E45975 /* Supporting Files */,
			);
			path = KidzVidsTests;
			sourceTree = "<group>";
		};
		C59BF16C1AB83EE400E45975 /* Supporting Files */ = {
			isa = PBXGroup;
			children = (
				C59BF16D1AB83EE400E45975 /* Info.plist */,
			);
			name = "Supporting Files";
			sourceTree = "<group>";
		};
		C59BF1BD1AB84D2500E45975 /* AFNetworking */ = {
			isa = PBXGroup;
			children = (
				C59BF1BE1AB84D2500E45975 /* AFHTTPRequestOperation.h */,
				C59BF1BF1AB84D2500E45975 /* AFHTTPRequestOperation.m */,
				C59BF1C01AB84D2500E45975 /* AFHTTPRequestOperationManager.h */,
				C59BF1C11AB84D2500E45975 /* AFHTTPRequestOperationManager.m */,
				C59BF1C21AB84D2500E45975 /* AFHTTPSessionManager.h */,
				C59BF1C31AB84D2500E45975 /* AFHTTPSessionManager.m */,
				C59BF1C41AB84D2500E45975 /* AFNetworking.h */,
				C59BF1C51AB84D2500E45975 /* AFNetworkReachabilityManager.h */,
				C59BF1C61AB84D2500E45975 /* AFNetworkReachabilityManager.m */,
				C59BF1C71AB84D2500E45975 /* AFSecurityPolicy.h */,
				C59BF1C81AB84D2500E45975 /* AFSecurityPolicy.m */,
				C59BF1C91AB84D2500E45975 /* AFURLConnectionOperation.h */,
				C59BF1CA1AB84D2500E45975 /* AFURLConnectionOperation.m */,
				C59BF1CB1AB84D2500E45975 /* AFURLRequestSerialization.h */,
				C59BF1CC1AB84D2500E45975 /* AFURLRequestSerialization.m */,
				C59BF1CD1AB84D2500E45975 /* AFURLResponseSerialization.h */,
				C59BF1CE1AB84D2500E45975 /* AFURLResponseSerialization.m */,
				C59BF1CF1AB84D2500E45975 /* AFURLSessionManager.h */,
				C59BF1D01AB84D2500E45975 /* AFURLSessionManager.m */,
			);
			path = AFNetworking;
			sourceTree = "<group>";
		};
		C59BF1DA1AB84D3500E45975 /* UIKit+AFNetworking */ = {
			isa = PBXGroup;
			children = (
				C59BF1DB1AB84D3500E45975 /* AFNetworkActivityIndicatorManager.h */,
				C59BF1DC1AB84D3500E45975 /* AFNetworkActivityIndicatorManager.m */,
				C59BF1DD1AB84D3500E45975 /* UIActivityIndicatorView+AFNetworking.h */,
				C59BF1DE1AB84D3500E45975 /* UIActivityIndicatorView+AFNetworking.m */,
				C59BF1DF1AB84D3500E45975 /* UIAlertView+AFNetworking.h */,
				C59BF1E01AB84D3500E45975 /* UIAlertView+AFNetworking.m */,
				C59BF1E11AB84D3500E45975 /* UIButton+AFNetworking.h */,
				C59BF1E21AB84D3500E45975 /* UIButton+AFNetworking.m */,
				C59BF1E31AB84D3500E45975 /* UIImageView+AFNetworking.h */,
				C59BF1E41AB84D3500E45975 /* UIImageView+AFNetworking.m */,
				C59BF1E51AB84D3500E45975 /* UIKit+AFNetworking.h */,
				C59BF1E61AB84D3500E45975 /* UIProgressView+AFNetworking.h */,
				C59BF1E71AB84D3500E45975 /* UIProgressView+AFNetworking.m */,
				C59BF1E81AB84D3500E45975 /* UIRefreshControl+AFNetworking.h */,
				C59BF1E91AB84D3500E45975 /* UIRefreshControl+AFNetworking.m */,
				C59BF1EA1AB84D3500E45975 /* UIWebView+AFNetworking.h */,
				C59BF1EB1AB84D3500E45975 /* UIWebView+AFNetworking.m */,
			);
			path = "UIKit+AFNetworking";
			sourceTree = "<group>";
		};
		C59BF2071AB8718400E45975 /* Products */ = {
			isa = PBXGroup;
			children = (
				C59BF20B1AB8718400E45975 /* YouTubePlayer.framework */,
			);
			name = Products;
			sourceTree = "<group>";
		};
/* End PBXGroup section */

/* Begin PBXNativeTarget section */
		C59BF1521AB83EE400E45975 /* KidzVids */ = {
			isa = PBXNativeTarget;
			buildConfigurationList = C59BF1721AB83EE400E45975 /* Build configuration list for PBXNativeTarget "KidzVids" */;
			buildPhases = (
				C59BF14F1AB83EE400E45975 /* Sources */,
				C59BF1501AB83EE400E45975 /* Frameworks */,
				C59BF1511AB83EE400E45975 /* Resources */,
				C59BF2121AB871EF00E45975 /* Embed Frameworks */,
			);
			buildRules = (
			);
			dependencies = (
				C59BF20D1AB871A300E45975 /* PBXTargetDependency */,
				C59BF2111AB871EF00E45975 /* PBXTargetDependency */,
			);
			name = KidzVids;
			productName = KidzVids;
			productReference = C59BF1531AB83EE400E45975 /* KidzVids.app */;
			productType = "com.apple.product-type.application";
		};
		C59BF1671AB83EE400E45975 /* KidzVidsTests */ = {
			isa = PBXNativeTarget;
			buildConfigurationList = C59BF1751AB83EE400E45975 /* Build configuration list for PBXNativeTarget "KidzVidsTests" */;
			buildPhases = (
				C59BF1641AB83EE400E45975 /* Sources */,
				C59BF1651AB83EE400E45975 /* Frameworks */,
				C59BF1661AB83EE400E45975 /* Resources */,
			);
			buildRules = (
			);
			dependencies = (
				C59BF16A1AB83EE400E45975 /* PBXTargetDependency */,
			);
			name = KidzVidsTests;
			productName = KidzVidsTests;
			productReference = C59BF1681AB83EE400E45975 /* KidzVidsTests.xctest */;
			productType = "com.apple.product-type.bundle.unit-test";
		};
/* End PBXNativeTarget section */

/* Begin PBXProject section */
		C59BF14B1AB83EE400E45975 /* Project object */ = {
			isa = PBXProject;
			attributes = {
				LastUpgradeCheck = 0610;
				ORGANIZATIONNAME = AzukiApps;
				TargetAttributes = {
					C59BF1521AB83EE400E45975 = {
						CreatedOnToolsVersion = 6.1.1;
						DevelopmentTeam = N5W9PYQ4U5;
					};
					C59BF1671AB83EE400E45975 = {
						CreatedOnToolsVersion = 6.1.1;
						TestTargetID = C59BF1521AB83EE400E45975;
					};
				};
			};
			buildConfigurationList = C59BF14E1AB83EE400E45975 /* Build configuration list for PBXProject "KidzVids" */;
			compatibilityVersion = "Xcode 3.2";
			developmentRegion = English;
			hasScannedForEncodings = 0;
			knownRegions = (
				en,
				Base,
			);
			mainGroup = C59BF14A1AB83EE400E45975;
			productRefGroup = C59BF1541AB83EE400E45975 /* Products */;
			projectDirPath = "";
			projectReferences = (
				{
					ProductGroup = C59BF2071AB8718400E45975 /* Products */;
					ProjectRef = C59BF2061AB8718400E45975 /* YouTubePlayer.xcodeproj */;
				},
			);
			projectRoot = "";
			targets = (
				C59BF1521AB83EE400E45975 /* KidzVids */,
				C59BF1671AB83EE400E45975 /* KidzVidsTests */,
			);
		};
/* End PBXProject section */

/* Begin PBXReferenceProxy section */
		C59BF20B1AB8718400E45975 /* YouTubePlayer.framework */ = {
			isa = PBXReferenceProxy;
			fileType = wrapper.framework;
			path = YouTubePlayer.framework;
			remoteRef = C59BF20A1AB8718400E45975 /* PBXContainerItemProxy */;
			sourceTree = BUILT_PRODUCTS_DIR;
		};
/* End PBXReferenceProxy section */

/* Begin PBXResourcesBuildPhase section */
		C59BF1511AB83EE400E45975 /* Resources */ = {
			isa = PBXResourcesBuildPhase;
			buildActionMask = 2147483647;
			files = (
				C59BF15E1AB83EE400E45975 /* Main.storyboard in Resources */,
				C59BF1631AB83EE400E45975 /* LaunchScreen.xib in Resources */,
				C59BF1601AB83EE400E45975 /* Images.xcassets in Resources */,
				C5ED65D01AB9D53F0078EF67 /* SettingsViewController.xib in Resources */,
			);
			runOnlyForDeploymentPostprocessing = 0;
		};
		C59BF1661AB83EE400E45975 /* Resources */ = {
			isa = PBXResourcesBuildPhase;
			buildActionMask = 2147483647;
			files = (
			);
			runOnlyForDeploymentPostprocessing = 0;
		};
/* End PBXResourcesBuildPhase section */

/* Begin PBXSourcesBuildPhase section */
		C59BF14F1AB83EE400E45975 /* Sources */ = {
			isa = PBXSourcesBuildPhase;
			buildActionMask = 2147483647;
			files = (
				C59BF1F11AB84D3500E45975 /* UIProgressView+AFNetworking.m in Sources */,
				C59BF1EF1AB84D3500E45975 /* UIButton+AFNetworking.m in Sources */,
				C59BF1F21AB84D3500E45975 /* UIRefreshControl+AFNetworking.m in Sources */,
				C59BF1EE1AB84D3500E45975 /* UIAlertView+AFNetworking.m in Sources */,
				C59BF1831AB8464B00E45975 /* GridViewController.swift in Sources */,
				C59BF1D51AB84D2500E45975 /* AFSecurityPolicy.m in Sources */,
				C59BF1D21AB84D2500E45975 /* AFHTTPRequestOperationManager.m in Sources */,
				C59BF1D61AB84D2500E45975 /* AFURLConnectionOperation.m in Sources */,
				C59BF2051AB86F0C00E45975 /* PlayerViewController.swift in Sources */,
				C5ED65D41AB9FA290078EF67 /* PlaylistCollection.swift in Sources */,
				C59BF1F01AB84D3500E45975 /* UIImageView+AFNetworking.m in Sources */,
				C5ED65D21AB9F0CB0078EF67 /* Playlist.swift in Sources */,
				C59BF1D11AB84D2500E45975 /* AFHTTPRequestOperation.m in Sources */,
				C59BF1ED1AB84D3500E45975 /* UIActivityIndicatorView+AFNetworking.m in Sources */,
				C59BF1591AB83EE400E45975 /* AppDelegate.swift in Sources */,
				C5ED65CF1AB9D53F0078EF67 /* SettingsViewController.swift in Sources */,
				C59BF1D71AB84D2500E45975 /* AFURLRequestSerialization.m in Sources */,
				C59BF1D31AB84D2500E45975 /* AFHTTPSessionManager.m in Sources */,
				C59BF1D41AB84D2500E45975 /* AFNetworkReachabilityManager.m in Sources */,
				C59BF1D81AB84D2500E45975 /* AFURLResponseSerialization.m in Sources */,
				C59BF1F51AB86AA900E45975 /* VideoPhotoCell.swift in Sources */,
				C59BF1F31AB84D3500E45975 /* UIWebView+AFNetworking.m in Sources */,
				C59BF1D91AB84D2500E45975 /* AFURLSessionManager.m in Sources */,
				C59BF1EC1AB84D3500E45975 /* AFNetworkActivityIndicatorManager.m in Sources */,
			);
			runOnlyForDeploymentPostprocessing = 0;
		};
		C59BF1641AB83EE400E45975 /* Sources */ = {
			isa = PBXSourcesBuildPhase;
			buildActionMask = 2147483647;
			files = (
				C59BF16F1AB83EE400E45975 /* KidzVidsTests.swift in Sources */,
			);
			runOnlyForDeploymentPostprocessing = 0;
		};
/* End PBXSourcesBuildPhase section */

/* Begin PBXTargetDependency section */
		C59BF16A1AB83EE400E45975 /* PBXTargetDependency */ = {
			isa = PBXTargetDependency;
			target = C59BF1521AB83EE400E45975 /* KidzVids */;
			targetProxy = C59BF1691AB83EE400E45975 /* PBXContainerItemProxy */;
		};
		C59BF20D1AB871A300E45975 /* PBXTargetDependency */ = {
			isa = PBXTargetDependency;
			name = YouTubePlayer;
			targetProxy = C59BF20C1AB871A300E45975 /* PBXContainerItemProxy */;
		};
		C59BF2111AB871EF00E45975 /* PBXTargetDependency */ = {
			isa = PBXTargetDependency;
			name = YouTubePlayer;
			targetProxy = C59BF2101AB871EF00E45975 /* PBXContainerItemProxy */;
		};
/* End PBXTargetDependency section */

/* Begin PBXVariantGroup section */
		C59BF15C1AB83EE400E45975 /* Main.storyboard */ = {
			isa = PBXVariantGroup;
			children = (
				C59BF15D1AB83EE400E45975 /* Base */,
			);
			name = Main.storyboard;
			sourceTree = "<group>";
		};
		C59BF1611AB83EE400E45975 /* LaunchScreen.xib */ = {
			isa = PBXVariantGroup;
			children = (
				C59BF1621AB83EE400E45975 /* Base */,
			);
			name = LaunchScreen.xib;
			sourceTree = "<group>";
		};
/* End PBXVariantGroup section */

/* Begin XCBuildConfiguration section */
		C59BF1701AB83EE400E45975 /* Debug */ = {
			isa = XCBuildConfiguration;
			buildSettings = {
				ALWAYS_SEARCH_USER_PATHS = NO;
				CLANG_CXX_LANGUAGE_STANDARD = "gnu++0x";
				CLANG_CXX_LIBRARY = "libc++";
				CLANG_ENABLE_MODULES = YES;
				CLANG_ENABLE_OBJC_ARC = YES;
				CLANG_WARN_BOOL_CONVERSION = YES;
				CLANG_WARN_CONSTANT_CONVERSION = YES;
				CLANG_WARN_DIRECT_OBJC_ISA_USAGE = YES_ERROR;
				CLANG_WARN_EMPTY_BODY = YES;
				CLANG_WARN_ENUM_CONVERSION = YES;
				CLANG_WARN_INT_CONVERSION = YES;
				CLANG_WARN_OBJC_ROOT_CLASS = YES_ERROR;
				CLANG_WARN_UNREACHABLE_CODE = YES;
				CLANG_WARN__DUPLICATE_METHOD_MATCH = YES;
				"CODE_SIGN_IDENTITY[sdk=iphoneos*]" = "iPhone Developer";
				COPY_PHASE_STRIP = NO;
				ENABLE_STRICT_OBJC_MSGSEND = YES;
				GCC_C_LANGUAGE_STANDARD = gnu99;
				GCC_DYNAMIC_NO_PIC = NO;
				GCC_OPTIMIZATION_LEVEL = 0;
				GCC_PREPROCESSOR_DEFINITIONS = (
					"DEBUG=1",
					"$(inherited)",
				);
				GCC_SYMBOLS_PRIVATE_EXTERN = NO;
				GCC_WARN_64_TO_32_BIT_CONVERSION = YES;
				GCC_WARN_ABOUT_RETURN_TYPE = YES_ERROR;
				GCC_WARN_UNDECLARED_SELECTOR = YES;
				GCC_WARN_UNINITIALIZED_AUTOS = YES_AGGRESSIVE;
				GCC_WARN_UNUSED_FUNCTION = YES;
				GCC_WARN_UNUSED_VARIABLE = YES;
				IPHONEOS_DEPLOYMENT_TARGET = 8.1;
				MTL_ENABLE_DEBUG_INFO = YES;
				ONLY_ACTIVE_ARCH = YES;
				SDKROOT = iphoneos;
				SWIFT_OPTIMIZATION_LEVEL = "-Onone";
			};
			name = Debug;
		};
		C59BF1711AB83EE400E45975 /* Release */ = {
			isa = XCBuildConfiguration;
			buildSettings = {
				ALWAYS_SEARCH_USER_PATHS = NO;
				CLANG_CXX_LANGUAGE_STANDARD = "gnu++0x";
				CLANG_CXX_LIBRARY = "libc++";
				CLANG_ENABLE_MODULES = YES;
				CLANG_ENABLE_OBJC_ARC = YES;
				CLANG_WARN_BOOL_CONVERSION = YES;
				CLANG_WARN_CONSTANT_CONVERSION = YES;
				CLANG_WARN_DIRECT_OBJC_ISA_USAGE = YES_ERROR;
				CLANG_WARN_EMPTY_BODY = YES;
				CLANG_WARN_ENUM_CONVERSION = YES;
				CLANG_WARN_INT_CONVERSION = YES;
				CLANG_WARN_OBJC_ROOT_CLASS = YES_ERROR;
				CLANG_WARN_UNREACHABLE_CODE = YES;
				CLANG_WARN__DUPLICATE_METHOD_MATCH = YES;
				"CODE_SIGN_IDENTITY[sdk=iphoneos*]" = "iPhone Developer";
				COPY_PHASE_STRIP = YES;
				ENABLE_NS_ASSERTIONS = NO;
				ENABLE_STRICT_OBJC_MSGSEND = YES;
				GCC_C_LANGUAGE_STANDARD = gnu99;
				GCC_WARN_64_TO_32_BIT_CONVERSION = YES;
				GCC_WARN_ABOUT_RETURN_TYPE = YES_ERROR;
				GCC_WARN_UNDECLARED_SELECTOR = YES;
				GCC_WARN_UNINITIALIZED_AUTOS = YES_AGGRESSIVE;
				GCC_WARN_UNUSED_FUNCTION = YES;
				GCC_WARN_UNUSED_VARIABLE = YES;
				IPHONEOS_DEPLOYMENT_TARGET = 8.1;
				MTL_ENABLE_DEBUG_INFO = NO;
				SDKROOT = iphoneos;
				VALIDATE_PRODUCT = YES;
			};
			name = Release;
		};
		C59BF1731AB83EE400E45975 /* Debug */ = {
			isa = XCBuildConfiguration;
			buildSettings = {
				ASSETCATALOG_COMPILER_APPICON_NAME = AppIcon;
				ASSETCATALOG_COMPILER_LAUNCHIMAGE_NAME = LaunchImage;
				CODE_SIGN_IDENTITY = "iPhone Developer";
				"CODE_SIGN_IDENTITY[sdk=iphoneos*]" = "iPhone Developer";
				DEFINES_MODULE = YES;
				EMBEDDED_CONTENT_CONTAINS_SWIFT = YES;
				INFOPLIST_FILE = KidzVids/Info.plist;
				IPHONEOS_DEPLOYMENT_TARGET = 8.1;
				LD_RUNPATH_SEARCH_PATHS = "$(inherited) @executable_path/Frameworks";
				LIBRARY_SEARCH_PATHS = "";
				PRODUCT_NAME = "$(TARGET_NAME)";
				PROVISIONING_PROFILE = "";
				SWIFT_INCLUDE_PATHS = "";
				SWIFT_OBJC_BRIDGING_HEADER = ./KidzVids/bridge.h;
			};
			name = Debug;
		};
		C59BF1741AB83EE400E45975 /* Release */ = {
			isa = XCBuildConfiguration;
			buildSettings = {
				ASSETCATALOG_COMPILER_APPICON_NAME = AppIcon;
				ASSETCATALOG_COMPILER_LAUNCHIMAGE_NAME = LaunchImage;
				CODE_SIGN_IDENTITY = "iPhone Developer";
				"CODE_SIGN_IDENTITY[sdk=iphoneos*]" = "iPhone Developer";
				DEFINES_MODULE = YES;
				EMBEDDED_CONTENT_CONTAINS_SWIFT = YES;
				INFOPLIST_FILE = KidzVids/Info.plist;
				IPHONEOS_DEPLOYMENT_TARGET = 8.1;
				LD_RUNPATH_SEARCH_PATHS = "$(inherited) @executable_path/Frameworks";
				LIBRARY_SEARCH_PATHS = "";
				PRODUCT_NAME = "$(TARGET_NAME)";
				PROVISIONING_PROFILE = "";
				SWIFT_INCLUDE_PATHS = "";
				SWIFT_OBJC_BRIDGING_HEADER = ./KidzVids/bridge.h;
			};
			name = Release;
		};
		C59BF1761AB83EE400E45975 /* Debug */ = {
			isa = XCBuildConfiguration;
			buildSettings = {
				BUNDLE_LOADER = "$(TEST_HOST)";
				FRAMEWORK_SEARCH_PATHS = (
					"$(SDKROOT)/Developer/Library/Frameworks",
					"$(inherited)",
				);
				GCC_PREPROCESSOR_DEFINITIONS = (
					"DEBUG=1",
					"$(inherited)",
				);
				INFOPLIST_FILE = KidzVidsTests/Info.plist;
				LD_RUNPATH_SEARCH_PATHS = "$(inherited) @executable_path/Frameworks @loader_path/Frameworks";
				PRODUCT_NAME = "$(TARGET_NAME)";
				TEST_HOST = "$(BUILT_PRODUCTS_DIR)/KidzVids.app/KidzVids";
			};
			name = Debug;
		};
		C59BF1771AB83EE400E45975 /* Release */ = {
			isa = XCBuildConfiguration;
			buildSettings = {
				BUNDLE_LOADER = "$(TEST_HOST)";
				FRAMEWORK_SEARCH_PATHS = (
					"$(SDKROOT)/Developer/Library/Frameworks",
					"$(inherited)",
				);
				INFOPLIST_FILE = KidzVidsTests/Info.plist;
				LD_RUNPATH_SEARCH_PATHS = "$(inherited) @executable_path/Frameworks @loader_path/Frameworks";
				PRODUCT_NAME = "$(TARGET_NAME)";
				TEST_HOST = "$(BUILT_PRODUCTS_DIR)/KidzVids.app/KidzVids";
			};
			name = Release;
		};
/* End XCBuildConfiguration section */

/* Begin XCConfigurationList section */
		C59BF14E1AB83EE400E45975 /* Build configuration list for PBXProject "KidzVids" */ = {
			isa = XCConfigurationList;
			buildConfigurations = (
				C59BF1701AB83EE400E45975 /* Debug */,
				C59BF1711AB83EE400E45975 /* Release */,
			);
			defaultConfigurationIsVisible = 0;
			defaultConfigurationName = Release;
		};
		C59BF1721AB83EE400E45975 /* Build configuration list for PBXNativeTarget "KidzVids" */ = {
			isa = XCConfigurationList;
			buildConfigurations = (
				C59BF1731AB83EE400E45975 /* Debug */,
				C59BF1741AB83EE400E45975 /* Release */,
			);
			defaultConfigurationIsVisible = 0;
			defaultConfigurationName = Release;
		};
		C59BF1751AB83EE400E45975 /* Build configuration list for PBXNativeTarget "KidzVidsTests" */ = {
			isa = XCConfigurationList;
			buildConfigurations = (
				C59BF1761AB83EE400E45975 /* Debug */,
				C59BF1771AB83EE400E45975 /* Release */,
			);
			defaultConfigurationIsVisible = 0;
			defaultConfigurationName = Release;
		};
/* End XCConfigurationList section */
	};
	rootObject = C59BF14B1AB83EE400E45975 /* Project object */;
}
